// !$*UTF8*$!
{
	archiveVersion = 1;
	classes = {
	};
	objectVersion = 56;
	objects = {

/* Begin PBXBuildFile section */
		2B1234567890ABCD /* MindTalkApp.swift in Sources */ = {isa = PBXBuildFile; fileRef = 2B1234567890ABCE /* MindTalkApp.swift */; };
		2B1234567890ABCF /* ContentView.swift in Sources */ = {isa = PBXBuildFile; fileRef = 2B1234567890ABD0 /* ContentView.swift */; };
		2B1234567890ABD1 /* Assets.xcassets in Resources */ = {isa = PBXBuildFile; fileRef = 2B1234567890ABD2 /* Assets.xcassets */; };
		2B1234567890ABD3 /* Preview Assets.xcassets in Resources */ = {isa = PBXBuildFile; fileRef = 2B1234567890ABD4 /* Preview Assets.xcassets */; };
		2B1234567890ABD5 /* DataModel.xcdatamodeld in Sources */ = {isa = PBXBuildFile; fileRef = 2B1234567890ABD6 /* DataModel.xcdatamodeld */; };
		2B1234567890ABE5 /* AppViewModel.swift in Sources */ = {isa = PBXBuildFile; fileRef = 2B1234567890ABE6 /* AppViewModel.swift */; };
		2B1234567890ABE7 /* StartView.swift in Sources */ = {isa = PBXBuildFile; fileRef = 2B1234567890ABE8 /* StartView.swift */; };
		2B1234567890ABE9 /* GuidedTalkView.swift in Sources */ = {isa = PBXBuildFile; fileRef = 2B1234567890ABEA /* GuidedTalkView.swift */; };
		2B1234567890ABEB /* SummaryView.swift in Sources */ = {isa = PBXBuildFile; fileRef = 2B1234567890ABEC /* SummaryView.swift */; };
		2B1234567890ABED /* ReflectionView.swift in Sources */ = {isa = PBXBuildFile; fileRef = 2B1234567890ABEE /* ReflectionView.swift */; };
		2B1234567890ABEF /* WeeklyReviewView.swift in Sources */ = {isa = PBXBuildFile; fileRef = 2B1234567890ABF0 /* WeeklyReviewView.swift */; };
		2B1234567890ABF1 /* PersistenceController.swift in Sources */ = {isa = PBXBuildFile; fileRef = 2B1234567890ABF2 /* PersistenceController.swift */; };
		2B1234567890ABF3 /* SpeechRecognitionService.swift in Sources */ = {isa = PBXBuildFile; fileRef = 2B1234567890ABF4 /* SpeechRecognitionService.swift */; };
		2B1234567890ABF5 /* NLPService.swift in Sources */ = {isa = PBXBuildFile; fileRef = 2B1234567890ABF6 /* NLPService.swift */; };
		2B1234567890ABF7 /* NotificationService.swift in Sources */ = {isa = PBXBuildFile; fileRef = 2B1234567890ABF8 /* NotificationService.swift */; };
		2B1234567890ABF9 /* PDFExportService.swift in Sources */ = {isa = PBXBuildFile; fileRef = 2B1234567890ABFA /* PDFExportService.swift */; };
		2B1234567890ABFB /* Constants.swift in Sources */ = {isa = PBXBuildFile; fileRef = 2B1234567890ABFC /* Constants.swift */; };
		2B1234567890ABFD /* CalendarView.swift in Sources */ = {isa = PBXBuildFile; fileRef = 2B1234567890ABFE /* CalendarView.swift */; };
/* End PBXBuildFile section */

/* Begin PBXFileReference section */
		2B1234567890ABCB /* MindTalk.app */ = {isa = PBXFileReference; explicitFileType = wrapper.application; includeInIndex = 0; path = MindTalk.app; sourceTree = BUILT_PRODUCTS_DIR; };
		2B1234567890ABCE /* MindTalkApp.swift */ = {isa = PBXFileReference; lastKnownFileType = sourcecode.swift; path = MindTalkApp.swift; sourceTree = "<group>"; };
		2B1234567890ABD0 /* ContentView.swift */ = {isa = PBXFileReference; lastKnownFileType = sourcecode.swift; path = ContentView.swift; sourceTree = "<group>"; };
		2B1234567890ABD2 /* Assets.xcassets */ = {isa = PBXFileReference; lastKnownFileType = folder.assetcatalog; path = Assets.xcassets; sourceTree = "<group>"; };
		2B1234567890ABD4 /* Preview Assets.xcassets */ = {isa = PBXFileReference; lastKnownFileType = folder.assetcatalog; path = "Preview Assets.xcassets"; sourceTree = "<group>"; };
		2B1234567890ABD7 /* DataModel.xcdatamodel */ = {isa = PBXFileReference; lastKnownFileType = wrapper.xcdatamodel; path = DataModel.xcdatamodel; sourceTree = "<group>"; };
		2B1234567890ABE6 /* AppViewModel.swift */ = {isa = PBXFileReference; lastKnownFileType = sourcecode.swift; path = AppViewModel.swift; sourceTree = "<group>"; };
		2B1234567890ABE8 /* StartView.swift */ = {isa = PBXFileReference; lastKnownFileType = sourcecode.swift; path = StartView.swift; sourceTree = "<group>"; };
		2B1234567890ABEA /* GuidedTalkView.swift */ = {isa = PBXFileReference; lastKnownFileType = sourcecode.swift; path = GuidedTalkView.swift; sourceTree = "<group>"; };
		2B1234567890ABEC /* SummaryView.swift */ = {isa = PBXFileReference; lastKnownFileType = sourcecode.swift; path = SummaryView.swift; sourceTree = "<group>"; };
		2B1234567890ABEE /* ReflectionView.swift */ = {isa = PBXFileReference; lastKnownFileType = sourcecode.swift; path = ReflectionView.swift; sourceTree = "<group>"; };
		2B1234567890ABF0 /* WeeklyReviewView.swift */ = {isa = PBXFileReference; lastKnownFileType = sourcecode.swift; path = WeeklyReviewView.swift; sourceTree = "<group>"; };
		2B1234567890ABF2 /* PersistenceController.swift */ = {isa = PBXFileReference; lastKnownFileType = sourcecode.swift; path = PersistenceController.swift; sourceTree = "<group>"; };
		2B1234567890ABF4 /* SpeechRecognitionService.swift */ = {isa = PBXFileReference; lastKnownFileType = sourcecode.swift; path = SpeechRecognitionService.swift; sourceTree = "<group>"; };
		2B1234567890ABF6 /* NLPService.swift */ = {isa = PBXFileReference; lastKnownFileType = sourcecode.swift; path = NLPService.swift; sourceTree = "<group>"; };
		2B1234567890ABF8 /* NotificationService.swift */ = {isa = PBXFileReference; lastKnownFileType = sourcecode.swift; path = NotificationService.swift; sourceTree = "<group>"; };
		2B1234567890ABFA /* PDFExportService.swift */ = {isa = PBXFileReference; lastKnownFileType = sourcecode.swift; path = PDFExportService.swift; sourceTree = "<group>"; };
		2B1234567890ABFC /* Constants.swift */ = {isa = PBXFileReference; lastKnownFileType = sourcecode.swift; path = Constants.swift; sourceTree = "<group>"; };
		2B1234567890ABFE /* CalendarView.swift */ = {isa = PBXFileReference; lastKnownFileType = sourcecode.swift; path = CalendarView.swift; sourceTree = "<group>"; };
/* End PBXFileReference section */

/* Begin PBXFrameworksBuildPhase section */
		2B1234567890ABC8 /* Frameworks */ = {
			isa = PBXFrameworksBuildPhase;
			buildActionMask = 2147483647;
			files = (
			);
			runOnlyForDeploymentPostprocessing = 0;
		};
/* End PBXFrameworksBuildPhase section */

/* Begin PBXGroup section */
		2B1234567890ABC1 = {
			isa = PBXGroup;
			children = (
				2B1234567890ABC2 /* MindTalk */,
				2B1234567890ABCC /* Products */,
			);
			sourceTree = "<group>";
		};
		2B1234567890ABC2 /* MindTalk */ = {
			isa = PBXGroup;
			children = (
				2B1234567890ABCE /* MindTalkApp.swift */,
				2B1234567890ABD0 /* ContentView.swift */,
				2B1234567890ABE0 /* Models */,
				2B1234567890ABE1 /* Views */,
				2B1234567890ABE2 /* ViewModels */,
				2B1234567890ABE3 /* Services */,
				2B1234567890ABE4 /* Utilities */,
				2B1234567890ABD2 /* Assets.xcassets */,
				2B1234567890ABD6 /* DataModel.xcdatamodeld */,
				2B1234567890ABD8 /* Preview Content */,
			);
			path = MindTalk;
			sourceTree = "<group>";
		};
		2B1234567890ABCC /* Products */ = {
			isa = PBXGroup;
			children = (
				2B1234567890ABCB /* MindTalk.app */,
			);
			name = Products;
			sourceTree = "<group>";
		};
		2B1234567890ABD8 /* Preview Content */ = {
			isa = PBXGroup;
			children = (
				2B1234567890ABD4 /* Preview Assets.xcassets */,
			);
			path = "Preview Content";
			sourceTree = "<group>";
		};
		2B1234567890ABE0 /* Models */ = {
			isa = PBXGroup;
			children = (
			);
			path = Models;
			sourceTree = "<group>";
		};
		2B1234567890ABE1 /* Views */ = {
			isa = PBXGroup;
			children = (
				2B1234567890ABE8 /* StartView.swift */,
				2B1234567890ABEA /* GuidedTalkView.swift */,
				2B1234567890ABEC /* SummaryView.swift */,
				2B1234567890ABEE /* ReflectionView.swift */,
				2B1234567890ABF0 /* WeeklyReviewView.swift */,
				2B1234567890ABFE /* CalendarView.swift */,
			);
			path = Views;
			sourceTree = "<group>";
		};
		2B1234567890ABE2 /* ViewModels */ = {
			isa = PBXGroup;
			children = (
				2B1234567890ABE6 /* AppViewModel.swift */,
			);
			path = ViewModels;
			sourceTree = "<group>";
		};
		2B1234567890ABE3 /* Services */ = {
			isa = PBXGroup;
			children = (
				2B1234567890ABF2 /* PersistenceController.swift */,
				2B1234567890ABF4 /* SpeechRecognitionService.swift */,
				2B1234567890ABF6 /* NLPService.swift */,
				2B1234567890ABF8 /* NotificationService.swift */,
				2B1234567890ABFA /* PDFExportService.swift */,
			);
			path = Services;
			sourceTree = "<group>";
		};
		2B1234567890ABE4 /* Utilities */ = {
			isa = PBXGroup;
			children = (
				2B1234567890ABFC /* Constants.swift */,
			);
			path = Utilities;
			sourceTree = "<group>";
		};
/* End PBXGroup section */

/* Begin PBXNativeTarget section */
		2B1234567890ABCA /* MindTalk */ = {
			isa = PBXNativeTarget;
			buildConfigurationList = 2B1234567890ABD9 /* Build configuration list for PBXNativeTarget "MindTalk" */;
			buildPhases = (
				2B1234567890ABC7 /* Sources */,
				2B1234567890ABC8 /* Frameworks */,
				2B1234567890ABC9 /* Resources */,
			);
			buildRules = (
			);
			dependencies = (
			);
			name = MindTalk;
			productName = MindTalk;
			productReference = 2B1234567890ABCB /* MindTalk.app */;
			productType = "com.apple.product-type.application";
		};
/* End PBXNativeTarget section */

/* Begin PBXProject section */
		2B1234567890ABC3 /* Project object */ = {
			isa = PBXProject;
			attributes = {
				BuildIndependentTargetsInParallel = 1;
				LastSwiftUpdateCheck = 1500;
				LastUpgradeCheck = 1500;
				TargetAttributes = {
					2B1234567890ABCA = {
						CreatedOnToolsVersion = 15.0;
					};
				};
			};
			buildConfigurationList = 2B1234567890ABC6 /* Build configuration list for PBXProject "MindTalk" */;
			compatibilityVersion = "Xcode 14.0";
			developmentRegion = en;
			hasScannedForEncodings = 0;
			knownRegions = (
				en,
				Base,
			);
			mainGroup = 2B1234567890ABC1;
			productRefGroup = 2B1234567890ABCC /* Products */;
			projectDirPath = "";
			projectRoot = "";
			targets = (
				2B1234567890ABCA /* MindTalk */,
			);
		};
/* End PBXProject section */

/* Begin PBXResourcesBuildPhase section */
		2B1234567890ABC9 /* Resources */ = {
			isa = PBXResourcesBuildPhase;
			buildActionMask = 2147483647;
			files = (
				2B1234567890ABD3 /* Preview Assets.xcassets in Resources */,
				2B1234567890ABD1 /* Assets.xcassets in Resources */,
			);
			runOnlyForDeploymentPostprocessing = 0;
		};
/* End PBXResourcesBuildPhase section */

/* Begin PBXSourcesBuildPhase section */
		2B1234567890ABC7 /* Sources */ = {
			isa = PBXSourcesBuildPhase;
			buildActionMask = 2147483647;
			files = (
				2B1234567890ABD5 /* DataModel.xcdatamodeld in Sources */,
				2B1234567890ABCF /* ContentView.swift in Sources */,
				2B1234567890ABCD /* MindTalkApp.swift in Sources */,
				2B1234567890ABE5 /* AppViewModel.swift in Sources */,
				2B1234567890ABE7 /* StartView.swift in Sources */,
				2B1234567890ABE9 /* GuidedTalkView.swift in Sources */,
				2B1234567890ABEB /* SummaryView.swift in Sources */,
				2B1234567890ABED /* ReflectionView.swift in Sources */,
				2B1234567890ABEF /* WeeklyReviewView.swift in Sources */,
				2B1234567890ABF1 /* PersistenceController.swift in Sources */,
				2B1234567890ABF3 /* SpeechRecognitionService.swift in Sources */,
				2B1234567890ABF5 /* NLPService.swift in Sources */,
				2B1234567890ABF7 /* NotificationService.swift in Sources */,
				2B1234567890ABF9 /* PDFExportService.swift in Sources */,
				2B1234567890ABFB /* Constants.swift in Sources */,
				2B1234567890ABFD /* CalendarView.swift in Sources */,
			);
			runOnlyForDeploymentPostprocessing = 0;
		};
/* End PBXSourcesBuildPhase section */

/* Begin XCBuildConfiguration section */
		2B1234567890ABDA /* Debug */ = {
			isa = XCBuildConfiguration;
			buildSettings = {
				ALWAYS_SEARCH_USER_PATHS = NO;
				ASSETCATALOG_COMPILER_GENERATE_SWIFT_ASSET_SYMBOL_EXTENSIONS = YES;
				CLANG_ANALYZER_NONNULL = YES;
				CLANG_ANALYZER_NUMBER_OBJECT_CONVERSION = YES_AGGRESSIVE;
				CLANG_CXX_LANGUAGE_STANDARD = "gnu++20";
				CLANG_ENABLE_MODULES = YES;
				CLANG_ENABLE_OBJC_ARC = YES;
				CLANG_ENABLE_OBJC_WEAK = YES;
				CLANG_WARN_BLOCK_CAPTURE_AUTORELEASING = YES;
				CLANG_WARN_BOOL_CONVERSION = YES;
				CLANG_WARN_COMMA = YES;
				CLANG_WARN_CONSTANT_CONVERSION = YES;
				CLANG_WARN_DEPRECATED_OBJC_IMPLEMENTATIONS = YES;
				CLANG_WARN_DIRECT_OBJC_ISA_USAGE = YES_ERROR;
				CLANG_WARN_DOCUMENTATION_COMMENTS = YES;
				CLANG_WARN_EMPTY_BODY = YES;
				CLANG_WARN_ENUM_CONVERSION = YES;
				CLANG_WARN_INFINITE_RECURSION = YES;
				CLANG_WARN_INT_CONVERSION = YES;
				CLANG_WARN_NON_LITERAL_NULL_CONVERSION = YES;
				CLANG_WARN_OBJC_IMPLICIT_RETAIN_SELF = YES;
				CLANG_WARN_OBJC_LITERAL_CONVERSION = YES;
				CLANG_WARN_OBJC_ROOT_CLASS = YES_ERROR;
				CLANG_WARN_QUOTED_INCLUDE_IN_FRAMEWORK_HEADER = YES;
				CLANG_WARN_RANGE_LOOP_ANALYSIS = YES;
				CLANG_WARN_STRICT_PROTOTYPES = YES;
				CLANG_WARN_SUSPICIOUS_MOVE = YES;
				CLANG_WARN_UNGUARDED_AVAILABILITY = YES_AGGRESSIVE;
				CLANG_WARN_UNREACHABLE_CODE = YES;
				CLANG_WARN__DUPLICATE_METHOD_MATCH = YES;
				COPY_PHASE_STRIP = NO;
				DEBUG_INFORMATION_FORMAT = dwarf;
				ENABLE_STRICT_OBJC_MSGSEND = YES;
				ENABLE_TESTABILITY = YES;
				ENABLE_USER_SCRIPT_SANDBOXING = YES;
				GCC_C_LANGUAGE_STANDARD = gnu17;
				GCC_DYNAMIC_NO_PIC = NO;
				GCC_NO_COMMON_BLOCKS = YES;
				GCC_OPTIMIZATION_LEVEL = 0;
				GCC_PREPROCESSOR_DEFINITIONS = (
					"DEBUG=1",
					"$(inherited)",
				);
				GCC_WARN_64_TO_32_BIT_CONVERSION = YES;
				GCC_WARN_ABOUT_RETURN_TYPE = YES_ERROR;
				GCC_WARN_UNDECLARED_SELECTOR = YES;
				GCC_WARN_UNINITIALIZED_AUTOS = YES_AGGRESSIVE;
				GCC_WARN_UNUSED_FUNCTION = YES;
				GCC_WARN_UNUSED_VARIABLE = YES;
				IPHONEOS_DEPLOYMENT_TARGET = 17.0;
				LOCALIZATION_PREFERS_STRING_CATALOGS = YES;
				MTL_ENABLE_DEBUG_INFO = INCLUDE_SOURCE;
				MTL_FAST_MATH = YES;
				ONLY_ACTIVE_ARCH = YES;
				SDKROOT = iphoneos;
				SWIFT_ACTIVE_COMPILATION_CONDITIONS = "DEBUG $(inherited)";
				SWIFT_OPTIMIZATION_LEVEL = "-Onone";
			};
			name = Debug;
		};
		2B1234567890ABDB /* Release */ = {
			isa = XCBuildConfiguration;
			buildSettings = {
				ALWAYS_SEARCH_USER_PATHS = NO;
				ASSETCATALOG_COMPILER_GENERATE_SWIFT_ASSET_SYMBOL_EXTENSIONS = YES;
				CLANG_ANALYZER_NONNULL = YES;
				CLANG_ANALYZER_NUMBER_OBJECT_CONVERSION = YES_AGGRESSIVE;
				CLANG_CXX_LANGUAGE_STANDARD = "gnu++20";
				CLANG_ENABLE_MODULES = YES;
				CLANG_ENABLE_OBJC_ARC = YES;
				CLANG_ENABLE_OBJC_WEAK = YES;
				CLANG_WARN_BLOCK_CAPTURE_AUTORELEASING = YES;
				CLANG_WARN_BOOL_CONVERSION = YES;
				CLANG_WARN_COMMA = YES;
				CLANG_WARN_CONSTANT_CONVERSION = YES;
				CLANG_WARN_DEPRECATED_OBJC_IMPLEMENTATIONS = YES;
				CLANG_WARN_DIRECT_OBJC_ISA_USAGE = YES_ERROR;
				CLANG_WARN_DOCUMENTATION_COMMENTS = YES;
				CLANG_WARN_EMPTY_BODY = YES;
				CLANG_WARN_ENUM_CONVERSION = YES;
				CLANG_WARN_INFINITE_RECURSION = YES;
				CLANG_WARN_INT_CONVERSION = YES;
				CLANG_WARN_NON_LITERAL_NULL_CONVERSION = YES;
				CLANG_WARN_OBJC_IMPLICIT_RETAIN_SELF = YES;
				CLANG_WARN_OBJC_LITERAL_CONVERSION = YES;
				CLANG_WARN_OBJC_ROOT_CLASS = YES_ERROR;
				CLANG_WARN_QUOTED_INCLUDE_IN_FRAMEWORK_HEADER = YES;
				CLANG_WARN_RANGE_LOOP_ANALYSIS = YES;
				CLANG_WARN_STRICT_PROTOTYPES = YES;
				CLANG_WARN_SUSPICIOUS_MOVE = YES;
				CLANG_WARN_UNGUARDED_AVAILABILITY = YES_AGGRESSIVE;
				CLANG_WARN_UNREACHABLE_CODE = YES;
				CLANG_WARN__DUPLICATE_METHOD_MATCH = YES;
				COPY_PHASE_STRIP = NO;
				DEBUG_INFORMATION_FORMAT = "dwarf-with-dsym";
				ENABLE_NS_ASSERTIONS = NO;
				ENABLE_STRICT_OBJC_MSGSEND = YES;
				ENABLE_USER_SCRIPT_SANDBOXING = YES;
				GCC_C_LANGUAGE_STANDARD = gnu17;
				GCC_NO_COMMON_BLOCKS = YES;
				GCC_WARN_64_TO_32_BIT_CONVERSION = YES;
				GCC_WARN_ABOUT_RETURN_TYPE = YES_ERROR;
				GCC_WARN_UNDECLARED_SELECTOR = YES;
				GCC_WARN_UNINITIALIZED_AUTOS = YES_AGGRESSIVE;
				GCC_WARN_UNUSED_FUNCTION = YES;
				GCC_WARN_UNUSED_VARIABLE = YES;
				IPHONEOS_DEPLOYMENT_TARGET = 17.0;
				LOCALIZATION_PREFERS_STRING_CATALOGS = YES;
				MTL_ENABLE_DEBUG_INFO = NO;
				MTL_FAST_MATH = YES;
				SDKROOT = iphoneos;
				SWIFT_COMPILATION_MODE = wholemodule;
				VALIDATE_PRODUCT = YES;
			};
			name = Release;
		};
		2B1234567890ABDC /* Debug */ = {
			isa = XCBuildConfiguration;
			buildSettings = {
				ASSETCATALOG_COMPILER_APPICON_NAME = AppIcon;
				ASSETCATALOG_COMPILER_GLOBAL_ACCENT_COLOR_NAME = AccentColor;
				CODE_SIGN_STYLE = Automatic;
				CURRENT_PROJECT_VERSION = 1;
				DEVELOPMENT_ASSET_PATHS = "\"MindTalk/Preview Content\"";
				DEVELOPMENT_TEAM = UW98C2PF3L;
				ENABLE_PREVIEWS = YES;
				GENERATE_INFOPLIST_FILE = YES;
				INFOPLIST_KEY_NSMicrophoneUsageDescription = "MindTalk needs microphone access to record your daily check-in sessions.";
				INFOPLIST_KEY_NSSpeechRecognitionUsageDescription = "MindTalk uses speech recognition to transcribe your voice and create summaries.";
				INFOPLIST_KEY_UIApplicationSceneManifest_Generation = YES;
				INFOPLIST_KEY_UIApplicationSupportsIndirectInputEvents = YES;
				INFOPLIST_KEY_UILaunchScreen_Generation = YES;
				INFOPLIST_KEY_UISupportedInterfaceOrientations_iPad = "UIInterfaceOrientationPortrait UIInterfaceOrientationPortraitUpsideDown UIInterfaceOrientationLandscapeLeft UIInterfaceOrientationLandscapeRight";
				INFOPLIST_KEY_UISupportedInterfaceOrientations_iPhone = "UIInterfaceOrientationPortrait UIInterfaceOrientationLandscapeLeft UIInterfaceOrientationLandscapeRight";
				LD_RUNPATH_SEARCH_PATHS = (
					"$(inherited)",
					"@executable_path/Frameworks",
				);
				MARKETING_VERSION = 1.0;
				PRODUCT_BUNDLE_IDENTIFIER = com.mindtalk.app;
				PRODUCT_NAME = "$(TARGET_NAME)";
				SWIFT_EMIT_LOC_STRINGS = YES;
				SWIFT_VERSION = 5.0;
				TARGETED_DEVICE_FAMILY = "1,2";
			};
			name = Debug;
		};
		2B1234567890ABDD /* Release */ = {
			isa = XCBuildConfiguration;
			buildSettings = {
				ASSETCATALOG_COMPILER_APPICON_NAME = AppIcon;
				ASSETCATALOG_COMPILER_GLOBAL_ACCENT_COLOR_NAME = AccentColor;
				CODE_SIGN_STYLE = Automatic;
				CURRENT_PROJECT_VERSION = 1;
				DEVELOPMENT_ASSET_PATHS = "\"MindTalk/Preview Content\"";
				DEVELOPMENT_TEAM = UW98C2PF3L;
				ENABLE_PREVIEWS = YES;
				GENERATE_INFOPLIST_FILE = YES;
				INFOPLIST_KEY_NSMicrophoneUsageDescription = "MindTalk needs microphone access to record your daily check-in sessions.";
				INFOPLIST_KEY_NSSpeechRecognitionUsageDescription = "MindTalk uses speech recognition to transcribe your voice and create summaries.";
				INFOPLIST_KEY_UIApplicationSceneManifest_Generation = YES;
				INFOPLIST_KEY_UIApplicationSupportsIndirectInputEvents = YES;
				INFOPLIST_KEY_UILaunchScreen_Generation = YES;
				INFOPLIST_KEY_UISupportedInterfaceOrientations_iPad = "UIInterfaceOrientationPortrait UIInterfaceOrientationPortraitUpsideDown UIInterfaceOrientationLandscapeLeft UIInterfaceOrientationLandscapeRight";
				INFOPLIST_KEY_UISupportedInterfaceOrientations_iPhone = "UIInterfaceOrientationPortrait UIInterfaceOrientationLandscapeLeft UIInterfaceOrientationLandscapeRight";
				LD_RUNPATH_SEARCH_PATHS = (
					"$(inherited)",
					"@executable_path/Frameworks",
				);
				MARKETING_VERSION = 1.0;
				PRODUCT_BUNDLE_IDENTIFIER = com.mindtalk.app;
				PRODUCT_NAME = "$(TARGET_NAME)";
				SWIFT_EMIT_LOC_STRINGS = YES;
				SWIFT_VERSION = 5.0;
				TARGETED_DEVICE_FAMILY = "1,2";
			};
			name = Release;
		};
/* End XCBuildConfiguration section */

/* Begin XCConfigurationList section */
		2B1234567890ABC6 /* Build configuration list for PBXProject "MindTalk" */ = {
			isa = XCConfigurationList;
			buildConfigurations = (
				2B1234567890ABDA /* Debug */,
				2B1234567890ABDB /* Release */,
			);
			defaultConfigurationIsVisible = 0;
			defaultConfigurationName = Release;
		};
		2B1234567890ABD9 /* Build configuration list for PBXNativeTarget "MindTalk" */ = {
			isa = XCConfigurationList;
			buildConfigurations = (
				2B1234567890ABDC /* Debug */,
				2B1234567890ABDD /* Release */,
			);
			defaultConfigurationIsVisible = 0;
			defaultConfigurationName = Release;
		};
/* End XCConfigurationList section */

/* Begin XCVersionGroup section */
		2B1234567890ABD6 /* DataModel.xcdatamodeld */ = {
			isa = XCVersionGroup;
			children = (
				2B1234567890ABD7 /* DataModel.xcdatamodel */,
			);
			currentVersion = 2B1234567890ABD7 /* DataModel.xcdatamodel */;
			path = DataModel.xcdatamodeld;
			sourceTree = "<group>";
			versionGroupType = wrapper.xcdatamodel;
		};
/* End XCVersionGroup section */
	};
	rootObject = 2B1234567890ABC3 /* Project object */;
}
