// !$*UTF8*$!
{
	archiveVersion = 1;
	classes = {
	};
	objectVersion = 56;
	objects = {

/* Begin PBXBuildFile section */
		2B1234567890ABCD /* ReadWellApp.swift in Sources */ = {isa = PBXBuildFile; fileRef = 2B1234567890ABCE /* ReadWellApp.swift */; };
		2B1234567890ABCF /* ContentView.swift in Sources */ = {isa = PBXBuildFile; fileRef = 2B1234567890ABD0 /* ContentView.swift */; };
		2B1234567890ABD1 /* Assets.xcassets in Resources */ = {isa = PBXBuildFile; fileRef = 2B1234567890ABD2 /* Assets.xcassets */; };
		2B1234567890ABD3 /* Preview Assets.xcassets in Resources */ = {isa = PBXBuildFile; fileRef = 2B1234567890ABD4 /* Preview Assets.xcassets */; };
		2B1234567890ABD5 /* DataModel.xcdatamodeld in Sources */ = {isa = PBXBuildFile; fileRef = 2B1234567890ABD6 /* DataModel.xcdatamodeld */; };
		2B1234567890ABE5 /* AppViewModel.swift in Sources */ = {isa = PBXBuildFile; fileRef = 2B1234567890ABE6 /* AppViewModel.swift */; };
		2B1234567890ABF1 /* PersistenceController.swift in Sources */ = {isa = PBXBuildFile; fileRef = 2B1234567890ABF2 /* PersistenceController.swift */; };
		2B1234567890ABF3 /* SpeechRecognitionService.swift in Sources */ = {isa = PBXBuildFile; fileRef = 2B1234567890ABF4 /* SpeechRecognitionService.swift */; };
		2B1234567890ABF7 /* NotificationService.swift in Sources */ = {isa = PBXBuildFile; fileRef = 2B1234567890ABF8 /* NotificationService.swift */; };
		2B1234567890ABF9 /* PDFExportService.swift in Sources */ = {isa = PBXBuildFile; fileRef = 2B1234567890ABFA /* PDFExportService.swift */; };
		2B1234567890ABFB /* Constants.swift in Sources */ = {isa = PBXBuildFile; fileRef = 2B1234567890ABFC /* Constants.swift */; };
		2B1234567890ABFF /* Config.plist in Resources */ = {isa = PBXBuildFile; fileRef = 2B1234567890AC00 /* Config.plist */; };
		2B1234567890AC01 /* StudentLoginView.swift in Sources */ = {isa = PBXBuildFile; fileRef = 2B1234567890AC02 /* StudentLoginView.swift */; };
		2B1234567890AC03 /* TeacherLoginView.swift in Sources */ = {isa = PBXBuildFile; fileRef = 2B1234567890AC04 /* TeacherLoginView.swift */; };
		2B1234567890AC05 /* TeacherDashboardView.swift in Sources */ = {isa = PBXBuildFile; fileRef = 2B1234567890AC06 /* TeacherDashboardView.swift */; };
		2B1234567890AC07 /* StudentProgressView.swift in Sources */ = {isa = PBXBuildFile; fileRef = 2B1234567890AC08 /* StudentProgressView.swift */; };
		2B1234567890AC09 /* TextLibraryView.swift in Sources */ = {isa = PBXBuildFile; fileRef = 2B1234567890AC0A /* TextLibraryView.swift */; };
		2B1234567890AC0B /* ComprehensionCheckView.swift in Sources */ = {isa = PBXBuildFile; fileRef = 2B1234567890AC0C /* ComprehensionCheckView.swift */; };
		2B1234567890AC0D /* ReadingView.swift in Sources */ = {isa = PBXBuildFile; fileRef = 2B1234567890AC0E /* ReadingView.swift */; };
		2B1234567890AC0F /* TeacherAuthService.swift in Sources */ = {isa = PBXBuildFile; fileRef = 2B1234567890AC10 /* TeacherAuthService.swift */; };
		2B1234567890AC11 /* TextToSpeechService.swift in Sources */ = {isa = PBXBuildFile; fileRef = 2B1234567890AC12 /* TextToSpeechService.swift */; };
		2B1234567890AC13 /* SampleDataHelper.swift in Sources */ = {isa = PBXBuildFile; fileRef = 2B1234567890AC14 /* SampleDataHelper.swift */; };
		2B1234567890AC15 /* AuthenticationService.swift in Sources */ = {isa = PBXBuildFile; fileRef = 2B1234567890AC16 /* AuthenticationService.swift */; };
		2B1234567890AC17 /* AuthenticationView.swift in Sources */ = {isa = PBXBuildFile; fileRef = 2B1234567890AC18 /* AuthenticationView.swift */; };
		2B1234567890AC19 /* SelfReadingPracticeView.swift in Sources */ = {isa = PBXBuildFile; fileRef = 2B1234567890AC1A /* SelfReadingPracticeView.swift */; };
/* End PBXBuildFile section */

/* Begin PBXFileReference section */
		2B1234567890ABCB /* ReadWell.app */ = {isa = PBXFileReference; explicitFileType = wrapper.application; includeInIndex = 0; path = ReadWell.app; sourceTree = BUILT_PRODUCTS_DIR; };
		2B1234567890ABCE /* ReadWellApp.swift */ = {isa = PBXFileReference; lastKnownFileType = sourcecode.swift; path = ReadWellApp.swift; sourceTree = "<group>"; };
		2B1234567890ABD0 /* ContentView.swift */ = {isa = PBXFileReference; lastKnownFileType = sourcecode.swift; path = ContentView.swift; sourceTree = "<group>"; };
		2B1234567890ABD2 /* Assets.xcassets */ = {isa = PBXFileReference; lastKnownFileType = folder.assetcatalog; path = Assets.xcassets; sourceTree = "<group>"; };
		2B1234567890ABD4 /* Preview Assets.xcassets */ = {isa = PBXFileReference; lastKnownFileType = folder.assetcatalog; path = "Preview Assets.xcassets"; sourceTree = "<group>"; };
		2B1234567890ABD7 /* DataModel.xcdatamodel */ = {isa = PBXFileReference; lastKnownFileType = wrapper.xcdatamodel; path = DataModel.xcdatamodel; sourceTree = "<group>"; };
		2B1234567890ABE6 /* AppViewModel.swift */ = {isa = PBXFileReference; lastKnownFileType = sourcecode.swift; path = AppViewModel.swift; sourceTree = "<group>"; };
		2B1234567890ABF2 /* PersistenceController.swift */ = {isa = PBXFileReference; lastKnownFileType = sourcecode.swift; path = PersistenceController.swift; sourceTree = "<group>"; };
		2B1234567890ABF4 /* SpeechRecognitionService.swift */ = {isa = PBXFileReference; lastKnownFileType = sourcecode.swift; path = SpeechRecognitionService.swift; sourceTree = "<group>"; };
		2B1234567890ABF8 /* NotificationService.swift */ = {isa = PBXFileReference; lastKnownFileType = sourcecode.swift; path = NotificationService.swift; sourceTree = "<group>"; };
		2B1234567890ABFA /* PDFExportService.swift */ = {isa = PBXFileReference; lastKnownFileType = sourcecode.swift; path = PDFExportService.swift; sourceTree = "<group>"; };
		2B1234567890ABFC /* Constants.swift */ = {isa = PBXFileReference; lastKnownFileType = sourcecode.swift; path = Constants.swift; sourceTree = "<group>"; };
		2B1234567890AC00 /* Config.plist */ = {isa = PBXFileReference; lastKnownFileType = text.plist.xml; path = Config.plist; sourceTree = "<group>"; };
		2B1234567890AC02 /* StudentLoginView.swift */ = {isa = PBXFileReference; lastKnownFileType = sourcecode.swift; path = StudentLoginView.swift; sourceTree = "<group>"; };
		2B1234567890AC04 /* TeacherLoginView.swift */ = {isa = PBXFileReference; lastKnownFileType = sourcecode.swift; path = TeacherLoginView.swift; sourceTree = "<group>"; };
		2B1234567890AC06 /* TeacherDashboardView.swift */ = {isa = PBXFileReference; lastKnownFileType = sourcecode.swift; path = TeacherDashboardView.swift; sourceTree = "<group>"; };
		2B1234567890AC08 /* StudentProgressView.swift */ = {isa = PBXFileReference; lastKnownFileType = sourcecode.swift; path = StudentProgressView.swift; sourceTree = "<group>"; };
		2B1234567890AC0A /* TextLibraryView.swift */ = {isa = PBXFileReference; lastKnownFileType = sourcecode.swift; path = TextLibraryView.swift; sourceTree = "<group>"; };
		2B1234567890AC0C /* ComprehensionCheckView.swift */ = {isa = PBXFileReference; lastKnownFileType = sourcecode.swift; path = ComprehensionCheckView.swift; sourceTree = "<group>"; };
		2B1234567890AC0E /* ReadingView.swift */ = {isa = PBXFileReference; lastKnownFileType = sourcecode.swift; path = ReadingView.swift; sourceTree = "<group>"; };
		2B1234567890AC10 /* TeacherAuthService.swift */ = {isa = PBXFileReference; lastKnownFileType = sourcecode.swift; path = TeacherAuthService.swift; sourceTree = "<group>"; };
		2B1234567890AC12 /* TextToSpeechService.swift */ = {isa = PBXFileReference; lastKnownFileType = sourcecode.swift; path = TextToSpeechService.swift; sourceTree = "<group>"; };
		2B1234567890AC14 /* SampleDataHelper.swift */ = {isa = PBXFileReference; lastKnownFileType = sourcecode.swift; path = SampleDataHelper.swift; sourceTree = "<group>"; };
		2B1234567890AC16 /* AuthenticationService.swift */ = {isa = PBXFileReference; lastKnownFileType = sourcecode.swift; path = AuthenticationService.swift; sourceTree = "<group>"; };
		2B1234567890AC18 /* AuthenticationView.swift */ = {isa = PBXFileReference; lastKnownFileType = sourcecode.swift; path = AuthenticationView.swift; sourceTree = "<group>"; };
		2B1234567890AC1A /* SelfReadingPracticeView.swift */ = {isa = PBXFileReference; lastKnownFileType = sourcecode.swift; path = SelfReadingPracticeView.swift; sourceTree = "<group>"; };
/* End PBXFileReference section */

/* Begin PBXFrameworksBuildPhase section */
		2B1234567890ABC8 /* Frameworks */ = {
			isa = PBXFrameworksBuildPhase;
			buildActionMask = 2147483647;
			files = (
			);
			runOnlyForDeploymentPostprocessing = 0;
		};
/* End PBXFrameworksBuildPhase section */

/* Begin PBXGroup section */
		2B1234567890ABC1 = {
			isa = PBXGroup;
			children = (
				2B1234567890ABC2 /* ReadWell */,
				2B1234567890ABCC /* Products */,
			);
			sourceTree = "<group>";
		};
	2B1234567890ABC2 /* ReadWell */ = {
		isa = PBXGroup;
		children = (
			2B1234567890ABCE /* ReadWellApp.swift */,
			2B1234567890ABD0 /* ContentView.swift */,
			2B1234567890ABE1 /* Views */,
			2B1234567890ABE2 /* ViewModels */,
			2B1234567890ABE3 /* Services */,
			2B1234567890ABE4 /* Utilities */,
			2B1234567890ABD2 /* Assets.xcassets */,
			2B1234567890ABD6 /* DataModel.xcdatamodeld */,
			2B1234567890ABD8 /* Preview Content */,
		);
		path = ReadWell;
		sourceTree = "<group>";
	};
		2B1234567890ABCC /* Products */ = {
			isa = PBXGroup;
			children = (
				2B1234567890ABCB /* ReadWell.app */,
			);
			name = Products;
			sourceTree = "<group>";
		};
	2B1234567890ABD8 /* Preview Content */ = {
		isa = PBXGroup;
		children = (
			2B1234567890ABD4 /* Preview Assets.xcassets */,
		);
		path = "Preview Content";
		sourceTree = "<group>";
	};
	2B1234567890ABE1 /* Views */ = {
		isa = PBXGroup;
		children = (
			2B1234567890AC18 /* AuthenticationView.swift */,
			2B1234567890AC02 /* StudentLoginView.swift */,
			2B1234567890AC04 /* TeacherLoginView.swift */,
			2B1234567890AC06 /* TeacherDashboardView.swift */,
			2B1234567890AC08 /* StudentProgressView.swift */,
			2B1234567890AC0A /* TextLibraryView.swift */,
			2B1234567890AC0C /* ComprehensionCheckView.swift */,
			2B1234567890AC0E /* ReadingView.swift */,
			2B1234567890AC1A /* SelfReadingPracticeView.swift */,
		);
		path = Views;
		sourceTree = "<group>";
	};
	2B1234567890ABE2 /* ViewModels */ = {
		isa = PBXGroup;
		children = (
			2B1234567890ABE6 /* AppViewModel.swift */,
		);
		path = ViewModels;
		sourceTree = "<group>";
	};
	2B1234567890ABE3 /* Services */ = {
		isa = PBXGroup;
		children = (
			2B1234567890ABF2 /* PersistenceController.swift */,
			2B1234567890ABF4 /* SpeechRecognitionService.swift */,
			2B1234567890ABF8 /* NotificationService.swift */,
			2B1234567890ABFA /* PDFExportService.swift */,
			2B1234567890AC10 /* TeacherAuthService.swift */,
			2B1234567890AC16 /* AuthenticationService.swift */,
			2B1234567890AC12 /* TextToSpeechService.swift */,
		);
		path = Services;
		sourceTree = "<group>";
	};
	2B1234567890ABE4 /* Utilities */ = {
		isa = PBXGroup;
		children = (
			2B1234567890ABFC /* Constants.swift */,
			2B1234567890AC00 /* Config.plist */,
			2B1234567890AC14 /* SampleDataHelper.swift */,
		);
		path = Utilities;
		sourceTree = "<group>";
	};
/* End PBXGroup section */

/* Begin PBXNativeTarget section */
		2B1234567890ABCA /* ReadWell */ = {
			isa = PBXNativeTarget;
			buildConfigurationList = 2B1234567890ABD9 /* Build configuration list for PBXNativeTarget "ReadWell" */;
			buildPhases = (
				2B1234567890ABC7 /* Sources */,
				2B1234567890ABC8 /* Frameworks */,
				2B1234567890ABC9 /* Resources */,
			);
			buildRules = (
			);
			dependencies = (
			);
			name = ReadWell;
			productName = ReadWell;
			productReference = 2B1234567890ABCB /* ReadWell.app */;
			productType = "com.apple.product-type.application";
		};
/* End PBXNativeTarget section */

/* Begin PBXProject section */
		2B1234567890ABC3 /* Project object */ = {
			isa = PBXProject;
			attributes = {
				BuildIndependentTargetsInParallel = 1;
				LastSwiftUpdateCheck = 1500;
				LastUpgradeCheck = 1500;
				TargetAttributes = {
					2B1234567890ABCA = {
						CreatedOnToolsVersion = 15.0;
					};
				};
			};
			buildConfigurationList = 2B1234567890ABC6 /* Build configuration list for PBXProject "ReadWell" */;
			compatibilityVersion = "Xcode 14.0";
			developmentRegion = en;
			hasScannedForEncodings = 0;
			knownRegions = (
				en,
				Base,
			);
			mainGroup = 2B1234567890ABC1;
			productRefGroup = 2B1234567890ABCC /* Products */;
			projectDirPath = "";
			projectRoot = "";
			targets = (
				2B1234567890ABCA /* ReadWell */,
			);
		};
/* End PBXProject section */

/* Begin PBXResourcesBuildPhase section */
		2B1234567890ABC9 /* Resources */ = {
			isa = PBXResourcesBuildPhase;
			buildActionMask = 2147483647;
			files = (
				2B1234567890ABD3 /* Preview Assets.xcassets in Resources */,
				2B1234567890ABD1 /* Assets.xcassets in Resources */,
				2B1234567890ABFF /* Config.plist in Resources */,
			);
			runOnlyForDeploymentPostprocessing = 0;
		};
/* End PBXResourcesBuildPhase section */

/* Begin PBXSourcesBuildPhase section */
	2B1234567890ABC7 /* Sources */ = {
		isa = PBXSourcesBuildPhase;
		buildActionMask = 2147483647;
		files = (
			2B1234567890ABD5 /* DataModel.xcdatamodeld in Sources */,
			2B1234567890ABCF /* ContentView.swift in Sources */,
			2B1234567890ABCD /* ReadWellApp.swift in Sources */,
			2B1234567890ABE5 /* AppViewModel.swift in Sources */,
			2B1234567890ABF1 /* PersistenceController.swift in Sources */,
			2B1234567890ABF3 /* SpeechRecognitionService.swift in Sources */,
			2B1234567890ABF7 /* NotificationService.swift in Sources */,
			2B1234567890ABF9 /* PDFExportService.swift in Sources */,
			2B1234567890ABFB /* Constants.swift in Sources */,
			2B1234567890AC01 /* StudentLoginView.swift in Sources */,
			2B1234567890AC03 /* TeacherLoginView.swift in Sources */,
			2B1234567890AC05 /* TeacherDashboardView.swift in Sources */,
			2B1234567890AC07 /* StudentProgressView.swift in Sources */,
			2B1234567890AC09 /* TextLibraryView.swift in Sources */,
			2B1234567890AC0B /* ComprehensionCheckView.swift in Sources */,
			2B1234567890AC0D /* ReadingView.swift in Sources */,
			2B1234567890AC0F /* TeacherAuthService.swift in Sources */,
			2B1234567890AC11 /* TextToSpeechService.swift in Sources */,
			2B1234567890AC13 /* SampleDataHelper.swift in Sources */,
			2B1234567890AC15 /* AuthenticationService.swift in Sources */,
			2B1234567890AC17 /* AuthenticationView.swift in Sources */,
			2B1234567890AC19 /* SelfReadingPracticeView.swift in Sources */,
		);
		runOnlyForDeploymentPostprocessing = 0;
	};
/* End PBXSourcesBuildPhase section */

/* Begin XCBuildConfiguration section */
		2B1234567890ABDA /* Debug */ = {
			isa = XCBuildConfiguration;
			buildSettings = {
				ALWAYS_SEARCH_USER_PATHS = NO;
				ASSETCATALOG_COMPILER_GENERATE_SWIFT_ASSET_SYMBOL_EXTENSIONS = YES;
				CLANG_ANALYZER_NONNULL = YES;
				CLANG_ANALYZER_NUMBER_OBJECT_CONVERSION = YES_AGGRESSIVE;
				CLANG_CXX_LANGUAGE_STANDARD = "gnu++20";
				CLANG_ENABLE_MODULES = YES;
				CLANG_ENABLE_OBJC_ARC = YES;
				CLANG_ENABLE_OBJC_WEAK = YES;
				CLANG_WARN_BLOCK_CAPTURE_AUTORELEASING = YES;
				CLANG_WARN_BOOL_CONVERSION = YES;
				CLANG_WARN_COMMA = YES;
				CLANG_WARN_CONSTANT_CONVERSION = YES;
				CLANG_WARN_DEPRECATED_OBJC_IMPLEMENTATIONS = YES;
				CLANG_WARN_DIRECT_OBJC_ISA_USAGE = YES_ERROR;
				CLANG_WARN_DOCUMENTATION_COMMENTS = YES;
				CLANG_WARN_EMPTY_BODY = YES;
				CLANG_WARN_ENUM_CONVERSION = YES;
				CLANG_WARN_INFINITE_RECURSION = YES;
				CLANG_WARN_INT_CONVERSION = YES;
				CLANG_WARN_NON_LITERAL_NULL_CONVERSION = YES;
				CLANG_WARN_OBJC_IMPLICIT_RETAIN_SELF = YES;
				CLANG_WARN_OBJC_LITERAL_CONVERSION = YES;
				CLANG_WARN_OBJC_ROOT_CLASS = YES_ERROR;
				CLANG_WARN_QUOTED_INCLUDE_IN_FRAMEWORK_HEADER = YES;
				CLANG_WARN_RANGE_LOOP_ANALYSIS = YES;
				CLANG_WARN_STRICT_PROTOTYPES = YES;
				CLANG_WARN_SUSPICIOUS_MOVE = YES;
				CLANG_WARN_UNGUARDED_AVAILABILITY = YES_AGGRESSIVE;
				CLANG_WARN_UNREACHABLE_CODE = YES;
				CLANG_WARN__DUPLICATE_METHOD_MATCH = YES;
				COPY_PHASE_STRIP = NO;
				DEBUG_INFORMATION_FORMAT = dwarf;
				ENABLE_STRICT_OBJC_MSGSEND = YES;
				ENABLE_TESTABILITY = YES;
				ENABLE_USER_SCRIPT_SANDBOXING = YES;
				GCC_C_LANGUAGE_STANDARD = gnu17;
				GCC_DYNAMIC_NO_PIC = NO;
				GCC_NO_COMMON_BLOCKS = YES;
				GCC_OPTIMIZATION_LEVEL = 0;
				GCC_PREPROCESSOR_DEFINITIONS = (
					"DEBUG=1",
					"$(inherited)",
				);
				GCC_WARN_64_TO_32_BIT_CONVERSION = YES;
				GCC_WARN_ABOUT_RETURN_TYPE = YES_ERROR;
				GCC_WARN_UNDECLARED_SELECTOR = YES;
				GCC_WARN_UNINITIALIZED_AUTOS = YES_AGGRESSIVE;
				GCC_WARN_UNUSED_FUNCTION = YES;
				GCC_WARN_UNUSED_VARIABLE = YES;
				IPHONEOS_DEPLOYMENT_TARGET = 17.0;
				LOCALIZATION_PREFERS_STRING_CATALOGS = YES;
				MTL_ENABLE_DEBUG_INFO = INCLUDE_SOURCE;
				MTL_FAST_MATH = YES;
				ONLY_ACTIVE_ARCH = YES;
				SDKROOT = iphoneos;
				SWIFT_ACTIVE_COMPILATION_CONDITIONS = "DEBUG $(inherited)";
				SWIFT_OPTIMIZATION_LEVEL = "-Onone";
			};
			name = Debug;
		};
		2B1234567890ABDB /* Release */ = {
			isa = XCBuildConfiguration;
			buildSettings = {
				ALWAYS_SEARCH_USER_PATHS = NO;
				ASSETCATALOG_COMPILER_GENERATE_SWIFT_ASSET_SYMBOL_EXTENSIONS = YES;
				CLANG_ANALYZER_NONNULL = YES;
				CLANG_ANALYZER_NUMBER_OBJECT_CONVERSION = YES_AGGRESSIVE;
				CLANG_CXX_LANGUAGE_STANDARD = "gnu++20";
				CLANG_ENABLE_MODULES = YES;
				CLANG_ENABLE_OBJC_ARC = YES;
				CLANG_ENABLE_OBJC_WEAK = YES;
				CLANG_WARN_BLOCK_CAPTURE_AUTORELEASING = YES;
				CLANG_WARN_BOOL_CONVERSION = YES;
				CLANG_WARN_COMMA = YES;
				CLANG_WARN_CONSTANT_CONVERSION = YES;
				CLANG_WARN_DEPRECATED_OBJC_IMPLEMENTATIONS = YES;
				CLANG_WARN_DIRECT_OBJC_ISA_USAGE = YES_ERROR;
				CLANG_WARN_DOCUMENTATION_COMMENTS = YES;
				CLANG_WARN_EMPTY_BODY = YES;
				CLANG_WARN_ENUM_CONVERSION = YES;
				CLANG_WARN_INFINITE_RECURSION = YES;
				CLANG_WARN_INT_CONVERSION = YES;
				CLANG_WARN_NON_LITERAL_NULL_CONVERSION = YES;
				CLANG_WARN_OBJC_IMPLICIT_RETAIN_SELF = YES;
				CLANG_WARN_OBJC_LITERAL_CONVERSION = YES;
				CLANG_WARN_OBJC_ROOT_CLASS = YES_ERROR;
				CLANG_WARN_QUOTED_INCLUDE_IN_FRAMEWORK_HEADER = YES;
				CLANG_WARN_RANGE_LOOP_ANALYSIS = YES;
				CLANG_WARN_STRICT_PROTOTYPES = YES;
				CLANG_WARN_SUSPICIOUS_MOVE = YES;
				CLANG_WARN_UNGUARDED_AVAILABILITY = YES_AGGRESSIVE;
				CLANG_WARN_UNREACHABLE_CODE = YES;
				CLANG_WARN__DUPLICATE_METHOD_MATCH = YES;
				COPY_PHASE_STRIP = NO;
				DEBUG_INFORMATION_FORMAT = "dwarf-with-dsym";
				ENABLE_NS_ASSERTIONS = NO;
				ENABLE_STRICT_OBJC_MSGSEND = YES;
				ENABLE_USER_SCRIPT_SANDBOXING = YES;
				GCC_C_LANGUAGE_STANDARD = gnu17;
				GCC_NO_COMMON_BLOCKS = YES;
				GCC_WARN_64_TO_32_BIT_CONVERSION = YES;
				GCC_WARN_ABOUT_RETURN_TYPE = YES_ERROR;
				GCC_WARN_UNDECLARED_SELECTOR = YES;
				GCC_WARN_UNINITIALIZED_AUTOS = YES_AGGRESSIVE;
				GCC_WARN_UNUSED_FUNCTION = YES;
				GCC_WARN_UNUSED_VARIABLE = YES;
				IPHONEOS_DEPLOYMENT_TARGET = 17.0;
				LOCALIZATION_PREFERS_STRING_CATALOGS = YES;
				MTL_ENABLE_DEBUG_INFO = NO;
				MTL_FAST_MATH = YES;
				SDKROOT = iphoneos;
				SWIFT_COMPILATION_MODE = wholemodule;
				VALIDATE_PRODUCT = YES;
			};
			name = Release;
		};
		2B1234567890ABDC /* Debug */ = {
			isa = XCBuildConfiguration;
			buildSettings = {
				ASSETCATALOG_COMPILER_APPICON_NAME = AppIcon;
				ASSETCATALOG_COMPILER_GLOBAL_ACCENT_COLOR_NAME = AccentColor;
				CODE_SIGN_STYLE = Automatic;
				CURRENT_PROJECT_VERSION = 1;
				DEVELOPMENT_ASSET_PATHS = "\"ReadWell/Preview Content\"";
				DEVELOPMENT_TEAM = UW98C2PF3L;
				ENABLE_PREVIEWS = YES;
				GENERATE_INFOPLIST_FILE = YES;
				INFOPLIST_KEY_NSMicrophoneUsageDescription = "MindTalk needs microphone access to record your daily check-in sessions.";
				INFOPLIST_KEY_NSSpeechRecognitionUsageDescription = "MindTalk uses speech recognition to transcribe your voice and create summaries.";
				INFOPLIST_KEY_UIApplicationSceneManifest_Generation = YES;
				INFOPLIST_KEY_UIApplicationSupportsIndirectInputEvents = YES;
				INFOPLIST_KEY_UILaunchScreen_Generation = YES;
				INFOPLIST_KEY_UISupportedInterfaceOrientations_iPad = "UIInterfaceOrientationPortrait UIInterfaceOrientationPortraitUpsideDown UIInterfaceOrientationLandscapeLeft UIInterfaceOrientationLandscapeRight";
				INFOPLIST_KEY_UISupportedInterfaceOrientations_iPhone = "UIInterfaceOrientationPortrait UIInterfaceOrientationLandscapeLeft UIInterfaceOrientationLandscapeRight";
				LD_RUNPATH_SEARCH_PATHS = (
					"$(inherited)",
					"@executable_path/Frameworks",
				);
				MARKETING_VERSION = 1.0;
				PRODUCT_BUNDLE_IDENTIFIER = com.readwell.app;
				PRODUCT_NAME = "$(TARGET_NAME)";
				SWIFT_EMIT_LOC_STRINGS = YES;
				SWIFT_VERSION = 5.0;
				TARGETED_DEVICE_FAMILY = "1,2";
			};
			name = Debug;
		};
		2B1234567890ABDD /* Release */ = {
			isa = XCBuildConfiguration;
			buildSettings = {
				ASSETCATALOG_COMPILER_APPICON_NAME = AppIcon;
				ASSETCATALOG_COMPILER_GLOBAL_ACCENT_COLOR_NAME = AccentColor;
				CODE_SIGN_STYLE = Automatic;
				CURRENT_PROJECT_VERSION = 1;
				DEVELOPMENT_ASSET_PATHS = "\"ReadWell/Preview Content\"";
				DEVELOPMENT_TEAM = UW98C2PF3L;
				ENABLE_PREVIEWS = YES;
				GENERATE_INFOPLIST_FILE = YES;
				INFOPLIST_KEY_NSMicrophoneUsageDescription = "MindTalk needs microphone access to record your daily check-in sessions.";
				INFOPLIST_KEY_NSSpeechRecognitionUsageDescription = "MindTalk uses speech recognition to transcribe your voice and create summaries.";
				INFOPLIST_KEY_UIApplicationSceneManifest_Generation = YES;
				INFOPLIST_KEY_UIApplicationSupportsIndirectInputEvents = YES;
				INFOPLIST_KEY_UILaunchScreen_Generation = YES;
				INFOPLIST_KEY_UISupportedInterfaceOrientations_iPad = "UIInterfaceOrientationPortrait UIInterfaceOrientationPortraitUpsideDown UIInterfaceOrientationLandscapeLeft UIInterfaceOrientationLandscapeRight";
				INFOPLIST_KEY_UISupportedInterfaceOrientations_iPhone = "UIInterfaceOrientationPortrait UIInterfaceOrientationLandscapeLeft UIInterfaceOrientationLandscapeRight";
				LD_RUNPATH_SEARCH_PATHS = (
					"$(inherited)",
					"@executable_path/Frameworks",
				);
				MARKETING_VERSION = 1.0;
				PRODUCT_BUNDLE_IDENTIFIER = com.readwell.app;
				PRODUCT_NAME = "$(TARGET_NAME)";
				SWIFT_EMIT_LOC_STRINGS = YES;
				SWIFT_VERSION = 5.0;
				TARGETED_DEVICE_FAMILY = "1,2";
			};
			name = Release;
		};
/* End XCBuildConfiguration section */

/* Begin XCConfigurationList section */
		2B1234567890ABC6 /* Build configuration list for PBXProject "ReadWell" */ = {
			isa = XCConfigurationList;
			buildConfigurations = (
				2B1234567890ABDA /* Debug */,
				2B1234567890ABDB /* Release */,
			);
			defaultConfigurationIsVisible = 0;
			defaultConfigurationName = Release;
		};
		2B1234567890ABD9 /* Build configuration list for PBXNativeTarget "ReadWell" */ = {
			isa = XCConfigurationList;
			buildConfigurations = (
				2B1234567890ABDC /* Debug */,
				2B1234567890ABDD /* Release */,
			);
			defaultConfigurationIsVisible = 0;
			defaultConfigurationName = Release;
		};
/* End XCConfigurationList section */

/* Begin XCVersionGroup section */
		2B1234567890ABD6 /* DataModel.xcdatamodeld */ = {
			isa = XCVersionGroup;
			children = (
				2B1234567890ABD7 /* DataModel.xcdatamodel */,
			);
			currentVersion = 2B1234567890ABD7 /* DataModel.xcdatamodel */;
			path = DataModel.xcdatamodeld;
			sourceTree = "<group>";
			versionGroupType = wrapper.xcdatamodel;
		};
/* End XCVersionGroup section */
	};
	rootObject = 2B1234567890ABC3 /* Project object */;
}
